
Microsoft Visual Studio Solution File, Format Version 12.00
# Visual Studio Version 16
VisualStudioVersion = 16.0.29911.84
MinimumVisualStudioVersion = 10.0.40219.1
Project("{FAE04EC0-301F-11D3-BF4B-00C04F79EFBC}") = "IdeaAppCore", "IdeaAppCore.csproj", "{6CFFA999-E7EF-4285-A04B-560ACDB44394}"
EndProject
Global
	GlobalSection(SolutionConfigurationPlatforms) = preSolution
		Debug|Any CPU = Debug|Any CPU
		Release|Any CPU = Release|Any CPU
	EndGlobalSection
	GlobalSection(ProjectConfigurationPlatforms) = postSolution
		{6CFFA999-E7EF-4285-A04B-560ACDB44394}.Debug|Any CPU.ActiveCfg = Debug|Any CPU
		{6CFFA999-E7EF-4285-A04B-560ACDB44394}.Debug|Any CPU.Build.0 = Debug|Any CPU
		{6CFFA999-E7EF-4285-A04B-560ACDB44394}.Release|Any CPU.ActiveCfg = Release|Any CPU
		{6CFFA999-E7EF-4285-A04B-560ACDB44394}.Release|Any CPU.Build.0 = Release|Any CPU
	EndGlobalSection
	GlobalSection(SolutionProperties) = preSolution
		HideSolutionNode = FALSE
	EndGlobalSection
	GlobalSection(ExtensibilityGlobals) = postSolution
		SolutionGuid = {837D267C-92DA-4D5B-BF32-92F9CD350013}
	EndGlobalSection
EndGlobal
